// !$*UTF8*$!
{
	archiveVersion = 1;
	classes = {
	};
	objectVersion = 60;
	objects = {

/* Begin PBXBuildFile section */
		9719CF292B2A785C00406F3E /* CoolButton.swift in Sources */ = {isa = PBXBuildFile; fileRef = 9719CF282B2A785C00406F3E /* CoolButton.swift */; };
		9719CF2B2B2A78CC00406F3E /* DemoViewModel.swift in Sources */ = {isa = PBXBuildFile; fileRef = 9719CF2A2B2A78CC00406F3E /* DemoViewModel.swift */; };
		9749BC3F2B24B8A700F588D8 /* FaceSegDemoApp.swift in Sources */ = {isa = PBXBuildFile; fileRef = 9749BC3E2B24B8A700F588D8 /* FaceSegDemoApp.swift */; };
		9749BC412B24B8A700F588D8 /* DemoView.swift in Sources */ = {isa = PBXBuildFile; fileRef = 9749BC402B24B8A700F588D8 /* DemoView.swift */; };
		9749BC432B24B8A800F588D8 /* Assets.xcassets in Resources */ = {isa = PBXBuildFile; fileRef = 9749BC422B24B8A800F588D8 /* Assets.xcassets */; };
		9749BC472B24B8A800F588D8 /* Preview Assets.xcassets in Resources */ = {isa = PBXBuildFile; fileRef = 9749BC462B24B8A800F588D8 /* Preview Assets.xcassets */; };
		9749BC512B24BC0000F588D8 /* ImagePicker.swift in Sources */ = {isa = PBXBuildFile; fileRef = 9749BC502B24BC0000F588D8 /* ImagePicker.swift */; };
		978C80F22B2B64C5004D68A3 /* FaceSeg in Frameworks */ = {isa = PBXBuildFile; productRef = 978C80F12B2B64C5004D68A3 /* FaceSeg */; };
/* End PBXBuildFile section */

/* Begin PBXFileReference section */
		9719CF282B2A785C00406F3E /* CoolButton.swift */ = {isa = PBXFileReference; lastKnownFileType = sourcecode.swift; path = CoolButton.swift; sourceTree = "<group>"; };
		9719CF2A2B2A78CC00406F3E /* DemoViewModel.swift */ = {isa = PBXFileReference; lastKnownFileType = sourcecode.swift; path = DemoViewModel.swift; sourceTree = "<group>"; };
		9749BC3B2B24B8A700F588D8 /* FaceSegDemo.app */ = {isa = PBXFileReference; explicitFileType = wrapper.application; includeInIndex = 0; path = FaceSegDemo.app; sourceTree = BUILT_PRODUCTS_DIR; };
		9749BC3E2B24B8A700F588D8 /* FaceSegDemoApp.swift */ = {isa = PBXFileReference; lastKnownFileType = sourcecode.swift; path = FaceSegDemoApp.swift; sourceTree = "<group>"; };
		9749BC402B24B8A700F588D8 /* DemoView.swift */ = {isa = PBXFileReference; lastKnownFileType = sourcecode.swift; path = DemoView.swift; sourceTree = "<group>"; };
		9749BC422B24B8A800F588D8 /* Assets.xcassets */ = {isa = PBXFileReference; lastKnownFileType = folder.assetcatalog; path = Assets.xcassets; sourceTree = "<group>"; };
		9749BC442B24B8A800F588D8 /* FaceSegDemo.entitlements */ = {isa = PBXFileReference; lastKnownFileType = text.plist.entitlements; path = FaceSegDemo.entitlements; sourceTree = "<group>"; };
		9749BC462B24B8A800F588D8 /* Preview Assets.xcassets */ = {isa = PBXFileReference; lastKnownFileType = folder.assetcatalog; path = "Preview Assets.xcassets"; sourceTree = "<group>"; };
		9749BC502B24BC0000F588D8 /* ImagePicker.swift */ = {isa = PBXFileReference; lastKnownFileType = sourcecode.swift; path = ImagePicker.swift; sourceTree = "<group>"; };
/* End PBXFileReference section */

/* Begin PBXFrameworksBuildPhase section */
		9749BC382B24B8A700F588D8 /* Frameworks */ = {
			isa = PBXFrameworksBuildPhase;
			buildActionMask = 2147483647;
			files = (
				978C80F22B2B64C5004D68A3 /* FaceSeg in Frameworks */,
			);
			runOnlyForDeploymentPostprocessing = 0;
		};
/* End PBXFrameworksBuildPhase section */

/* Begin PBXGroup section */
		9749BC322B24B8A700F588D8 = {
			isa = PBXGroup;
			children = (
				9749BC3D2B24B8A700F588D8 /* FaceSegDemo */,
				9749BC3C2B24B8A700F588D8 /* Products */,
			);
			sourceTree = "<group>";
		};
		9749BC3C2B24B8A700F588D8 /* Products */ = {
			isa = PBXGroup;
			children = (
				9749BC3B2B24B8A700F588D8 /* FaceSegDemo.app */,
			);
			name = Products;
			sourceTree = "<group>";
		};
		9749BC3D2B24B8A700F588D8 /* FaceSegDemo */ = {
			isa = PBXGroup;
			children = (
				9749BC3E2B24B8A700F588D8 /* FaceSegDemoApp.swift */,
				9749BC402B24B8A700F588D8 /* DemoView.swift */,
				9719CF2A2B2A78CC00406F3E /* DemoViewModel.swift */,
				9719CF282B2A785C00406F3E /* CoolButton.swift */,
				9749BC502B24BC0000F588D8 /* ImagePicker.swift */,
				9749BC422B24B8A800F588D8 /* Assets.xcassets */,
				9749BC442B24B8A800F588D8 /* FaceSegDemo.entitlements */,
				9749BC452B24B8A800F588D8 /* Preview Content */,
			);
			path = FaceSegDemo;
			sourceTree = "<group>";
		};
		9749BC452B24B8A800F588D8 /* Preview Content */ = {
			isa = PBXGroup;
			children = (
				9749BC462B24B8A800F588D8 /* Preview Assets.xcassets */,
			);
			path = "Preview Content";
			sourceTree = "<group>";
		};
/* End PBXGroup section */

/* Begin PBXNativeTarget section */
		9749BC3A2B24B8A700F588D8 /* FaceSegDemo */ = {
			isa = PBXNativeTarget;
			buildConfigurationList = 9749BC4A2B24B8A800F588D8 /* Build configuration list for PBXNativeTarget "FaceSegDemo" */;
			buildPhases = (
				9749BC372B24B8A700F588D8 /* Sources */,
				9749BC382B24B8A700F588D8 /* Frameworks */,
				9749BC392B24B8A700F588D8 /* Resources */,
			);
			buildRules = (
			);
			dependencies = (
			);
			name = FaceSegDemo;
			packageProductDependencies = (
				978C80F12B2B64C5004D68A3 /* FaceSeg */,
			);
			productName = FaceSegDemo;
			productReference = 9749BC3B2B24B8A700F588D8 /* FaceSegDemo.app */;
			productType = "com.apple.product-type.application";
		};
/* End PBXNativeTarget section */

/* Begin PBXProject section */
		9749BC332B24B8A700F588D8 /* Project object */ = {
			isa = PBXProject;
			attributes = {
				BuildIndependentTargetsInParallel = 1;
				LastSwiftUpdateCheck = 1500;
				LastUpgradeCheck = 1500;
				TargetAttributes = {
					9749BC3A2B24B8A700F588D8 = {
						CreatedOnToolsVersion = 15.0;
					};
				};
			};
			buildConfigurationList = 9749BC362B24B8A700F588D8 /* Build configuration list for PBXProject "FaceSegDemo" */;
			compatibilityVersion = "Xcode 14.0";
			developmentRegion = en;
			hasScannedForEncodings = 0;
			knownRegions = (
				en,
				Base,
			);
			mainGroup = 9749BC322B24B8A700F588D8;
			packageReferences = (
				978C80F02B2B64C5004D68A3 /* XCLocalSwiftPackageReference ".." */,
			);
			productRefGroup = 9749BC3C2B24B8A700F588D8 /* Products */;
			projectDirPath = "";
			projectRoot = "";
			targets = (
				9749BC3A2B24B8A700F588D8 /* FaceSegDemo */,
			);
		};
/* End PBXProject section */

/* Begin PBXResourcesBuildPhase section */
		9749BC392B24B8A700F588D8 /* Resources */ = {
			isa = PBXResourcesBuildPhase;
			buildActionMask = 2147483647;
			files = (
				9749BC472B24B8A800F588D8 /* Preview Assets.xcassets in Resources */,
				9749BC432B24B8A800F588D8 /* Assets.xcassets in Resources */,
			);
			runOnlyForDeploymentPostprocessing = 0;
		};
/* End PBXResourcesBuildPhase section */

/* Begin PBXSourcesBuildPhase section */
		9749BC372B24B8A700F588D8 /* Sources */ = {
			isa = PBXSourcesBuildPhase;
			buildActionMask = 2147483647;
			files = (
				9719CF292B2A785C00406F3E /* CoolButton.swift in Sources */,
				9749BC512B24BC0000F588D8 /* ImagePicker.swift in Sources */,
				9749BC412B24B8A700F588D8 /* DemoView.swift in Sources */,
				9719CF2B2B2A78CC00406F3E /* DemoViewModel.swift in Sources */,
				9749BC3F2B24B8A700F588D8 /* FaceSegDemoApp.swift in Sources */,
			);
			runOnlyForDeploymentPostprocessing = 0;
		};
/* End PBXSourcesBuildPhase section */

/* Begin XCBuildConfiguration section */
		9749BC482B24B8A800F588D8 /* Debug */ = {
			isa = XCBuildConfiguration;
			buildSettings = {
				ALWAYS_SEARCH_USER_PATHS = NO;
				ASSETCATALOG_COMPILER_GENERATE_SWIFT_ASSET_SYMBOL_EXTENSIONS = YES;
				CLANG_ANALYZER_NONNULL = YES;
				CLANG_ANALYZER_NUMBER_OBJECT_CONVERSION = YES_AGGRESSIVE;
				CLANG_CXX_LANGUAGE_STANDARD = "gnu++20";
				CLANG_ENABLE_MODULES = YES;
				CLANG_ENABLE_OBJC_ARC = YES;
				CLANG_ENABLE_OBJC_WEAK = YES;
				CLANG_WARN_BLOCK_CAPTURE_AUTORELEASING = YES;
				CLANG_WARN_BOOL_CONVERSION = YES;
				CLANG_WARN_COMMA = YES;
				CLANG_WARN_CONSTANT_CONVERSION = YES;
				CLANG_WARN_DEPRECATED_OBJC_IMPLEMENTATIONS = YES;
				CLANG_WARN_DIRECT_OBJC_ISA_USAGE = YES_ERROR;
				CLANG_WARN_DOCUMENTATION_COMMENTS = YES;
				CLANG_WARN_EMPTY_BODY = YES;
				CLANG_WARN_ENUM_CONVERSION = YES;
				CLANG_WARN_INFINITE_RECURSION = YES;
				CLANG_WARN_INT_CONVERSION = YES;
				CLANG_WARN_NON_LITERAL_NULL_CONVERSION = YES;
				CLANG_WARN_OBJC_IMPLICIT_RETAIN_SELF = YES;
				CLANG_WARN_OBJC_LITERAL_CONVERSION = YES;
				CLANG_WARN_OBJC_ROOT_CLASS = YES_ERROR;
				CLANG_WARN_QUOTED_INCLUDE_IN_FRAMEWORK_HEADER = YES;
				CLANG_WARN_RANGE_LOOP_ANALYSIS = YES;
				CLANG_WARN_STRICT_PROTOTYPES = YES;
				CLANG_WARN_SUSPICIOUS_MOVE = YES;
				CLANG_WARN_UNGUARDED_AVAILABILITY = YES_AGGRESSIVE;
				CLANG_WARN_UNREACHABLE_CODE = YES;
				CLANG_WARN__DUPLICATE_METHOD_MATCH = YES;
				COPY_PHASE_STRIP = NO;
				DEBUG_INFORMATION_FORMAT = dwarf;
				ENABLE_STRICT_OBJC_MSGSEND = YES;
				ENABLE_TESTABILITY = YES;
				ENABLE_USER_SCRIPT_SANDBOXING = YES;
				GCC_C_LANGUAGE_STANDARD = gnu17;
				GCC_DYNAMIC_NO_PIC = NO;
				GCC_NO_COMMON_BLOCKS = YES;
				GCC_OPTIMIZATION_LEVEL = 0;
				GCC_PREPROCESSOR_DEFINITIONS = (
					"DEBUG=1",
					"$(inherited)",
				);
				GCC_WARN_64_TO_32_BIT_CONVERSION = YES;
				GCC_WARN_ABOUT_RETURN_TYPE = YES_ERROR;
				GCC_WARN_UNDECLARED_SELECTOR = YES;
				GCC_WARN_UNINITIALIZED_AUTOS = YES_AGGRESSIVE;
				GCC_WARN_UNUSED_FUNCTION = YES;
				GCC_WARN_UNUSED_VARIABLE = YES;
				IPHONEOS_DEPLOYMENT_TARGET = 15.0;
				LOCALIZATION_PREFERS_STRING_CATALOGS = YES;
				MTL_ENABLE_DEBUG_INFO = INCLUDE_SOURCE;
				MTL_FAST_MATH = YES;
				ONLY_ACTIVE_ARCH = YES;
				SWIFT_ACTIVE_COMPILATION_CONDITIONS = "DEBUG $(inherited)";
				SWIFT_OPTIMIZATION_LEVEL = "-Onone";
			};
			name = Debug;
		};
		9749BC492B24B8A800F588D8 /* Release */ = {
			isa = XCBuildConfiguration;
			buildSettings = {
				ALWAYS_SEARCH_USER_PATHS = NO;
				ASSETCATALOG_COMPILER_GENERATE_SWIFT_ASSET_SYMBOL_EXTENSIONS = YES;
				CLANG_ANALYZER_NONNULL = YES;
				CLANG_ANALYZER_NUMBER_OBJECT_CONVERSION = YES_AGGRESSIVE;
				CLANG_CXX_LANGUAGE_STANDARD = "gnu++20";
				CLANG_ENABLE_MODULES = YES;
				CLANG_ENABLE_OBJC_ARC = YES;
				CLANG_ENABLE_OBJC_WEAK = YES;
				CLANG_WARN_BLOCK_CAPTURE_AUTORELEASING = YES;
				CLANG_WARN_BOOL_CONVERSION = YES;
				CLANG_WARN_COMMA = YES;
				CLANG_WARN_CONSTANT_CONVERSION = YES;
				CLANG_WARN_DEPRECATED_OBJC_IMPLEMENTATIONS = YES;
				CLANG_WARN_DIRECT_OBJC_ISA_USAGE = YES_ERROR;
				CLANG_WARN_DOCUMENTATION_COMMENTS = YES;
				CLANG_WARN_EMPTY_BODY = YES;
				CLANG_WARN_ENUM_CONVERSION = YES;
				CLANG_WARN_INFINITE_RECURSION = YES;
				CLANG_WARN_INT_CONVERSION = YES;
				CLANG_WARN_NON_LITERAL_NULL_CONVERSION = YES;
				CLANG_WARN_OBJC_IMPLICIT_RETAIN_SELF = YES;
				CLANG_WARN_OBJC_LITERAL_CONVERSION = YES;
				CLANG_WARN_OBJC_ROOT_CLASS = YES_ERROR;
				CLANG_WARN_QUOTED_INCLUDE_IN_FRAMEWORK_HEADER = YES;
				CLANG_WARN_RANGE_LOOP_ANALYSIS = YES;
				CLANG_WARN_STRICT_PROTOTYPES = YES;
				CLANG_WARN_SUSPICIOUS_MOVE = YES;
				CLANG_WARN_UNGUARDED_AVAILABILITY = YES_AGGRESSIVE;
				CLANG_WARN_UNREACHABLE_CODE = YES;
				CLANG_WARN__DUPLICATE_METHOD_MATCH = YES;
				COPY_PHASE_STRIP = NO;
				DEBUG_INFORMATION_FORMAT = "dwarf-with-dsym";
				ENABLE_NS_ASSERTIONS = NO;
				ENABLE_STRICT_OBJC_MSGSEND = YES;
				ENABLE_USER_SCRIPT_SANDBOXING = YES;
				GCC_C_LANGUAGE_STANDARD = gnu17;
				GCC_NO_COMMON_BLOCKS = YES;
				GCC_WARN_64_TO_32_BIT_CONVERSION = YES;
				GCC_WARN_ABOUT_RETURN_TYPE = YES_ERROR;
				GCC_WARN_UNDECLARED_SELECTOR = YES;
				GCC_WARN_UNINITIALIZED_AUTOS = YES_AGGRESSIVE;
				GCC_WARN_UNUSED_FUNCTION = YES;
				GCC_WARN_UNUSED_VARIABLE = YES;
				IPHONEOS_DEPLOYMENT_TARGET = 15.0;
				LOCALIZATION_PREFERS_STRING_CATALOGS = YES;
				MTL_ENABLE_DEBUG_INFO = NO;
				MTL_FAST_MATH = YES;
				SWIFT_COMPILATION_MODE = wholemodule;
			};
			name = Release;
		};
		9749BC4B2B24B8A800F588D8 /* Debug */ = {
			isa = XCBuildConfiguration;
			buildSettings = {
				ASSETCATALOG_COMPILER_APPICON_NAME = AppIcon;
				ASSETCATALOG_COMPILER_GLOBAL_ACCENT_COLOR_NAME = AccentColor;
				CODE_SIGN_ENTITLEMENTS = FaceSegDemo/FaceSegDemo.entitlements;
				CODE_SIGN_STYLE = Automatic;
				CURRENT_PROJECT_VERSION = 1;
				DEVELOPMENT_ASSET_PATHS = "\"FaceSegDemo/Preview Content\"";
				DEVELOPMENT_TEAM = 4QF3988KG3;
				ENABLE_HARDENED_RUNTIME = YES;
				ENABLE_PREVIEWS = YES;
				GENERATE_INFOPLIST_FILE = YES;
				INFOPLIST_KEY_NSCameraUsageDescription = "Let's segment some faces";
				"INFOPLIST_KEY_UIApplicationSceneManifest_Generation[sdk=iphoneos*]" = YES;
				"INFOPLIST_KEY_UIApplicationSceneManifest_Generation[sdk=iphonesimulator*]" = YES;
				"INFOPLIST_KEY_UIApplicationSupportsIndirectInputEvents[sdk=iphoneos*]" = YES;
				"INFOPLIST_KEY_UIApplicationSupportsIndirectInputEvents[sdk=iphonesimulator*]" = YES;
				"INFOPLIST_KEY_UILaunchScreen_Generation[sdk=iphoneos*]" = YES;
				"INFOPLIST_KEY_UILaunchScreen_Generation[sdk=iphonesimulator*]" = YES;
				INFOPLIST_KEY_UIRequiresFullScreen = YES;
				"INFOPLIST_KEY_UIStatusBarStyle[sdk=iphoneos*]" = UIStatusBarStyleDefault;
				"INFOPLIST_KEY_UIStatusBarStyle[sdk=iphonesimulator*]" = UIStatusBarStyleDefault;
				INFOPLIST_KEY_UISupportedInterfaceOrientations = UIInterfaceOrientationPortrait;
				IPHONEOS_DEPLOYMENT_TARGET = 15.0;
				LD_RUNPATH_SEARCH_PATHS = "@executable_path/Frameworks";
				"LD_RUNPATH_SEARCH_PATHS[sdk=macosx*]" = "@executable_path/../Frameworks";
				MACOSX_DEPLOYMENT_TARGET = 14.0;
				MARKETING_VERSION = 1.0;
				PRODUCT_BUNDLE_IDENTIFIER = dk.FaceSegDemo;
				PRODUCT_NAME = "$(TARGET_NAME)";
				SDKROOT = auto;
				SUPPORTED_PLATFORMS = "iphoneos iphonesimulator";
				SUPPORTS_MACCATALYST = NO;
				SWIFT_EMIT_LOC_STRINGS = YES;
				SWIFT_VERSION = 5.0;
				TARGETED_DEVICE_FAMILY = "1,2";
			};
			name = Debug;
		};
		9749BC4C2B24B8A800F588D8 /* Release */ = {
			isa = XCBuildConfiguration;
			buildSettings = {
				ASSETCATALOG_COMPILER_APPICON_NAME = AppIcon;
				ASSETCATALOG_COMPILER_GLOBAL_ACCENT_COLOR_NAME = AccentColor;
				CODE_SIGN_ENTITLEMENTS = FaceSegDemo/FaceSegDemo.entitlements;
				CODE_SIGN_STYLE = Automatic;
				CURRENT_PROJECT_VERSION = 1;
				DEVELOPMENT_ASSET_PATHS = "\"FaceSegDemo/Preview Content\"";
				DEVELOPMENT_TEAM = 4QF3988KG3;
				ENABLE_HARDENED_RUNTIME = YES;
				ENABLE_PREVIEWS = YES;
				GENERATE_INFOPLIST_FILE = YES;
				INFOPLIST_KEY_NSCameraUsageDescription = "Let's segment some faces";
				"INFOPLIST_KEY_UIApplicationSceneManifest_Generation[sdk=iphoneos*]" = YES;
				"INFOPLIST_KEY_UIApplicationSceneManifest_Generation[sdk=iphonesimulator*]" = YES;
				"INFOPLIST_KEY_UIApplicationSupportsIndirectInputEvents[sdk=iphoneos*]" = YES;
				"INFOPLIST_KEY_UIApplicationSupportsIndirectInputEvents[sdk=iphonesimulator*]" = YES;
				"INFOPLIST_KEY_UILaunchScreen_Generation[sdk=iphoneos*]" = YES;
				"INFOPLIST_KEY_UILaunchScreen_Generation[sdk=iphonesimulator*]" = YES;
				INFOPLIST_KEY_UIRequiresFullScreen = YES;
				"INFOPLIST_KEY_UIStatusBarStyle[sdk=iphoneos*]" = UIStatusBarStyleDefault;
				"INFOPLIST_KEY_UIStatusBarStyle[sdk=iphonesimulator*]" = UIStatusBarStyleDefault;
				INFOPLIST_KEY_UISupportedInterfaceOrientations = UIInterfaceOrientationPortrait;
				IPHONEOS_DEPLOYMENT_TARGET = 15.0;
				LD_RUNPATH_SEARCH_PATHS = "@executable_path/Frameworks";
				"LD_RUNPATH_SEARCH_PATHS[sdk=macosx*]" = "@executable_path/../Frameworks";
				MACOSX_DEPLOYMENT_TARGET = 14.0;
				MARKETING_VERSION = 1.0;
				PRODUCT_BUNDLE_IDENTIFIER = dk.FaceSegDemo;
				PRODUCT_NAME = "$(TARGET_NAME)";
				SDKROOT = auto;
				SUPPORTED_PLATFORMS = "iphoneos iphonesimulator";
				SUPPORTS_MACCATALYST = NO;
				SWIFT_EMIT_LOC_STRINGS = YES;
				SWIFT_VERSION = 5.0;
				TARGETED_DEVICE_FAMILY = "1,2";
			};
			name = Release;
		};
/* End XCBuildConfiguration section */

/* Begin XCConfigurationList section */
		9749BC362B24B8A700F588D8 /* Build configuration list for PBXProject "FaceSegDemo" */ = {
			isa = XCConfigurationList;
			buildConfigurations = (
				9749BC482B24B8A800F588D8 /* Debug */,
				9749BC492B24B8A800F588D8 /* Release */,
			);
			defaultConfigurationIsVisible = 0;
			defaultConfigurationName = Release;
		};
		9749BC4A2B24B8A800F588D8 /* Build configuration list for PBXNativeTarget "FaceSegDemo" */ = {
			isa = XCConfigurationList;
			buildConfigurations = (
				9749BC4B2B24B8A800F588D8 /* Debug */,
				9749BC4C2B24B8A800F588D8 /* Release */,
			);
			defaultConfigurationIsVisible = 0;
			defaultConfigurationName = Release;
		};
/* End XCConfigurationList section */

/* Begin XCLocalSwiftPackageReference section */
		978C80F02B2B64C5004D68A3 /* XCLocalSwiftPackageReference ".." */ = {
			isa = XCLocalSwiftPackageReference;
			relativePath = ..;
		};
/* End XCLocalSwiftPackageReference section */

/* Begin XCSwiftPackageProductDependency section */
		978C80F12B2B64C5004D68A3 /* FaceSeg */ = {
			isa = XCSwiftPackageProductDependency;
			productName = FaceSeg;
		};
/* End XCSwiftPackageProductDependency section */
	};
	rootObject = 9749BC332B24B8A700F588D8 /* Project object */;
}
